// !$*UTF8*$!
{
	archiveVersion = 1;
	classes = {
	};
	objectVersion = 46;
	objects = {

/* Begin PBXBuildFile section */
		961487021C26E8740029E0BF /* AppDelegate.swift in Sources */ = {isa = PBXBuildFile; fileRef = 961487011C26E8740029E0BF /* AppDelegate.swift */; };
		961487041C26E8740029E0BF /* ViewController.swift in Sources */ = {isa = PBXBuildFile; fileRef = 961487031C26E8740029E0BF /* ViewController.swift */; };
		961487071C26E8740029E0BF /* Main.storyboard in Resources */ = {isa = PBXBuildFile; fileRef = 961487051C26E8740029E0BF /* Main.storyboard */; };
		9614870A1C26E8740029E0BF /* XMPP.xcdatamodeld in Sources */ = {isa = PBXBuildFile; fileRef = 961487081C26E8740029E0BF /* XMPP.xcdatamodeld */; };
		9614870C1C26E8740029E0BF /* Assets.xcassets in Resources */ = {isa = PBXBuildFile; fileRef = 9614870B1C26E8740029E0BF /* Assets.xcassets */; };
		9614870F1C26E8740029E0BF /* LaunchScreen.storyboard in Resources */ = {isa = PBXBuildFile; fileRef = 9614870D1C26E8740029E0BF /* LaunchScreen.storyboard */; };
/* End PBXBuildFile section */

/* Begin PBXFileReference section */
		961486FE1C26E8740029E0BF /* XMPP.app */ = {isa = PBXFileReference; explicitFileType = wrapper.application; includeInIndex = 0; path = XMPP.app; sourceTree = BUILT_PRODUCTS_DIR; };
		961487011C26E8740029E0BF /* AppDelegate.swift */ = {isa = PBXFileReference; lastKnownFileType = sourcecode.swift; path = AppDelegate.swift; sourceTree = "<group>"; };
		961487031C26E8740029E0BF /* ViewController.swift */ = {isa = PBXFileReference; lastKnownFileType = sourcecode.swift; path = ViewController.swift; sourceTree = "<group>"; };
		961487061C26E8740029E0BF /* Base */ = {isa = PBXFileReference; lastKnownFileType = file.storyboard; name = Base; path = Base.lproj/Main.storyboard; sourceTree = "<group>"; };
		961487091C26E8740029E0BF /* XMPP.xcdatamodel */ = {isa = PBXFileReference; lastKnownFileType = wrapper.xcdatamodel; path = XMPP.xcdatamodel; sourceTree = "<group>"; };
		9614870B1C26E8740029E0BF /* Assets.xcassets */ = {isa = PBXFileReference; lastKnownFileType = folder.assetcatalog; path = Assets.xcassets; sourceTree = "<group>"; };
		9614870E1C26E8740029E0BF /* Base */ = {isa = PBXFileReference; lastKnownFileType = file.storyboard; name = Base; path = Base.lproj/LaunchScreen.storyboard; sourceTree = "<group>"; };
		961487101C26E8740029E0BF /* Info.plist */ = {isa = PBXFileReference; lastKnownFileType = text.plist.xml; path = Info.plist; sourceTree = "<group>"; };
/* End PBXFileReference section */

/* Begin PBXFrameworksBuildPhase section */
		961486FB1C26E8740029E0BF /* Frameworks */ = {
			isa = PBXFrameworksBuildPhase;
			buildActionMask = 2147483647;
			files = (
			);
			runOnlyForDeploymentPostprocessing = 0;
		};
/* End PBXFrameworksBuildPhase section */

/* Begin PBXGroup section */
		961486F51C26E8740029E0BF = {
			isa = PBXGroup;
			children = (
				961487001C26E8740029E0BF /* XMPP */,
				961486FF1C26E8740029E0BF /* Products */,
			);
			sourceTree = "<group>";
		};
		961486FF1C26E8740029E0BF /* Products */ = {
			isa = PBXGroup;
			children = (
				961486FE1C26E8740029E0BF /* XMPP.app */,
			);
			name = Products;
			sourceTree = "<group>";
		};
		961487001C26E8740029E0BF /* XMPP */ = {
			isa = PBXGroup;
			children = (
				961487011C26E8740029E0BF /* AppDelegate.swift */,
				961487031C26E8740029E0BF /* ViewController.swift */,
				961487051C26E8740029E0BF /* Main.storyboard */,
				9614870B1C26E8740029E0BF /* Assets.xcassets */,
				9614870D1C26E8740029E0BF /* LaunchScreen.storyboard */,
				961487101C26E8740029E0BF /* Info.plist */,
				961487081C26E8740029E0BF /* XMPP.xcdatamodeld */,
			);
			path = XMPP;
			sourceTree = "<group>";
		};
/* End PBXGroup section */

/* Begin PBXNativeTarget section */
		961486FD1C26E8740029E0BF /* XMPP */ = {
			isa = PBXNativeTarget;
			buildConfigurationList = 961487131C26E8740029E0BF /* Build configuration list for PBXNativeTarget "XMPP" */;
			buildPhases = (
				961486FA1C26E8740029E0BF /* Sources */,
				961486FB1C26E8740029E0BF /* Frameworks */,
				961486FC1C26E8740029E0BF /* Resources */,
			);
			buildRules = (
			);
			dependencies = (
			);
			name = XMPP;
			productName = XMPP;
			productReference = 961486FE1C26E8740029E0BF /* XMPP.app */;
			productType = "com.apple.product-type.application";
		};
/* End PBXNativeTarget section */

/* Begin PBXProject section */
		961486F61C26E8740029E0BF /* Project object */ = {
			isa = PBXProject;
			attributes = {
				LastSwiftUpdateCheck = 0710;
				LastUpgradeCheck = 0710;
				ORGANIZATIONNAME = sijichcai;
				TargetAttributes = {
					961486FD1C26E8740029E0BF = {
						CreatedOnToolsVersion = 7.1.1;
					};
				};
			};
			buildConfigurationList = 961486F91C26E8740029E0BF /* Build configuration list for PBXProject "XMPP" */;
			compatibilityVersion = "Xcode 3.2";
			developmentRegion = English;
			hasScannedForEncodings = 0;
			knownRegions = (
				en,
				Base,
			);
			mainGroup = 961486F51C26E8740029E0BF;
			productRefGroup = 961486FF1C26E8740029E0BF /* Products */;
			projectDirPath = "";
			projectRoot = "";
			targets = (
				961486FD1C26E8740029E0BF /* XMPP */,
			);
		};
/* End PBXProject section */

/* Begin PBXResourcesBuildPhase section */
		961486FC1C26E8740029E0BF /* Resources */ = {
			isa = PBXResourcesBuildPhase;
			buildActionMask = 2147483647;
			files = (
				9614870F1C26E8740029E0BF /* LaunchScreen.storyboard in Resources */,
				9614870C1C26E8740029E0BF /* Assets.xcassets in Resources */,
				961487071C26E8740029E0BF /* Main.storyboard in Resources */,
			);
			runOnlyForDeploymentPostprocessing = 0;
		};
/* End PBXResourcesBuildPhase section */

/* Begin PBXSourcesBuildPhase section */
		961486FA1C26E8740029E0BF /* Sources */ = {
			isa = PBXSourcesBuildPhase;
			buildActionMask = 2147483647;
			files = (
				961487041C26E8740029E0BF /* ViewController.swift in Sources */,
				961487021C26E8740029E0BF /* AppDelegate.swift in Sources */,
				9614870A1C26E8740029E0BF /* XMPP.xcdatamodeld in Sources */,
			);
			runOnlyForDeploymentPostprocessing = 0;
		};
/* End PBXSourcesBuildPhase section */

/* Begin PBXVariantGroup section */
		961487051C26E8740029E0BF /* Main.storyboard */ = {
			isa = PBXVariantGroup;
			children = (
				961487061C26E8740029E0BF /* Base */,
			);
			name = Main.storyboard;
			sourceTree = "<group>";
		};
		9614870D1C26E8740029E0BF /* LaunchScreen.storyboard */ = {
			isa = PBXVariantGroup;
			children = (
				9614870E1C26E8740029E0BF /* Base */,
			);
			name = LaunchScreen.storyboard;
			sourceTree = "<group>";
		};
/* End PBXVariantGroup section */

/* Begin XCBuildConfiguration section */
		961487111C26E8740029E0BF /* Debug */ = {
			isa = XCBuildConfiguration;
			buildSettings = {
				ALWAYS_SEARCH_USER_PATHS = NO;
				CLANG_CXX_LANGUAGE_STANDARD = "gnu++0x";
				CLANG_CXX_LIBRARY = "libc++";
				CLANG_ENABLE_MODULES = YES;
				CLANG_ENABLE_OBJC_ARC = YES;
				CLANG_WARN_BOOL_CONVERSION = YES;
				CLANG_WARN_CONSTANT_CONVERSION = YES;
				CLANG_WARN_DIRECT_OBJC_ISA_USAGE = YES_ERROR;
				CLANG_WARN_EMPTY_BODY = YES;
				CLANG_WARN_ENUM_CONVERSION = YES;
				CLANG_WARN_INT_CONVERSION = YES;
				CLANG_WARN_OBJC_ROOT_CLASS = YES_ERROR;
				CLANG_WARN_UNREACHABLE_CODE = YES;
				CLANG_WARN__DUPLICATE_METHOD_MATCH = YES;
				"CODE_SIGN_IDENTITY[sdk=iphoneos*]" = "iPhone Developer";
				COPY_PHASE_STRIP = NO;
				DEBUG_INFORMATION_FORMAT = dwarf;
				ENABLE_STRICT_OBJC_MSGSEND = YES;
				ENABLE_TESTABILITY = YES;
				GCC_C_LANGUAGE_STANDARD = gnu99;
				GCC_DYNAMIC_NO_PIC = NO;
				GCC_NO_COMMON_BLOCKS = YES;
				GCC_OPTIMIZATION_LEVEL = 0;
				GCC_PREPROCESSOR_DEFINITIONS = (
					"DEBUG=1",
					"$(inherited)",
				);
				GCC_WARN_64_TO_32_BIT_CONVERSION = YES;
				GCC_WARN_ABOUT_RETURN_TYPE = YES_ERROR;
				GCC_WARN_UNDECLARED_SELECTOR = YES;
				GCC_WARN_UNINITIALIZED_AUTOS = YES_AGGRESSIVE;
				GCC_WARN_UNUSED_FUNCTION = YES;
				GCC_WARN_UNUSED_VARIABLE = YES;
				IPHONEOS_DEPLOYMENT_TARGET = 9.1;
				MTL_ENABLE_DEBUG_INFO = YES;
				ONLY_ACTIVE_ARCH = YES;
				SDKROOT = iphoneos;
				SWIFT_OPTIMIZATION_LEVEL = "-Onone";
				TARGETED_DEVICE_FAMILY = 2;
			};
			name = Debug;
		};
		961487121C26E8740029E0BF /* Release */ = {
			isa = XCBuildConfiguration;
			buildSettings = {
				ALWAYS_SEARCH_USER_PATHS = NO;
				CLANG_CXX_LANGUAGE_STANDARD = "gnu++0x";
				CLANG_CXX_LIBRARY = "libc++";
				CLANG_ENABLE_MODULES = YES;
				CLANG_ENABLE_OBJC_ARC = YES;
				CLANG_WARN_BOOL_CONVERSION = YES;
				CLANG_WARN_CONSTANT_CONVERSION = YES;
				CLANG_WARN_DIRECT_OBJC_ISA_USAGE = YES_ERROR;
				CLANG_WARN_EMPTY_BODY = YES;
				CLANG_WARN_ENUM_CONVERSION = YES;
				CLANG_WARN_INT_CONVERSION = YES;
				CLANG_WARN_OBJC_ROOT_CLASS = YES_ERROR;
				CLANG_WARN_UNREACHABLE_CODE = YES;
				CLANG_WARN__DUPLICATE_METHOD_MATCH = YES;
				"CODE_SIGN_IDENTITY[sdk=iphoneos*]" = "iPhone Developer";
				COPY_PHASE_STRIP = NO;
				DEBUG_INFORMATION_FORMAT = "dwarf-with-dsym";
				ENABLE_NS_ASSERTIONS = NO;
				ENABLE_STRICT_OBJC_MSGSEND = YES;
				GCC_C_LANGUAGE_STANDARD = gnu99;
				GCC_NO_COMMON_BLOCKS = YES;
				GCC_WARN_64_TO_32_BIT_CONVERSION = YES;
				GCC_WARN_ABOUT_RETURN_TYPE = YES_ERROR;
				GCC_WARN_UNDECLARED_SELECTOR = YES;
				GCC_WARN_UNINITIALIZED_AUTOS = YES_AGGRESSIVE;
				GCC_WARN_UNUSED_FUNCTION = YES;
				GCC_WARN_UNUSED_VARIABLE = YES;
				IPHONEOS_DEPLOYMENT_TARGET = 9.1;
				MTL_ENABLE_DEBUG_INFO = NO;
				SDKROOT = iphoneos;
				TARGETED_DEVICE_FAMILY = 2;
				VALIDATE_PRODUCT = YES;
			};
			name = Release;
		};
		961487141C26E8740029E0BF /* Debug */ = {
			isa = XCBuildConfiguration;
			buildSettings = {
				ASSETCATALOG_COMPILER_APPICON_NAME = AppIcon;
				INFOPLIST_FILE = XMPP/Info.plist;
				LD_RUNPATH_SEARCH_PATHS = "$(inherited) @executable_path/Frameworks";
				PRODUCT_BUNDLE_IDENTIFIER = swift.XMPP;
				PRODUCT_NAME = "$(TARGET_NAME)";
			};
			name = Debug;
		};
		961487151C26E8740029E0BF /* Release */ = {
			isa = XCBuildConfiguration;
			buildSettings = {
				ASSETCATALOG_COMPILER_APPICON_NAME = AppIcon;
				INFOPLIST_FILE = XMPP/Info.plist;
				LD_RUNPATH_SEARCH_PATHS = "$(inherited) @executable_path/Frameworks";
				PRODUCT_BUNDLE_IDENTIFIER = swift.XMPP;
				PRODUCT_NAME = "$(TARGET_NAME)";
			};
			name = Release;
		};
/* End XCBuildConfiguration section */

/* Begin XCConfigurationList section */
		961486F91C26E8740029E0BF /* Build configuration list for PBXProject "XMPP" */ = {
			isa = XCConfigurationList;
			buildConfigurations = (
				961487111C26E8740029E0BF /* Debug */,
				961487121C26E8740029E0BF /* Release */,
			);
			defaultConfigurationIsVisible = 0;
			defaultConfigurationName = Release;
		};
		961487131C26E8740029E0BF /* Build configuration list for PBXNativeTarget "XMPP" */ = {
			isa = XCConfigurationList;
			buildConfigurations = (
				961487141C26E8740029E0BF /* Debug */,
				961487151C26E8740029E0BF /* Release */,
			);
			defaultConfigurationIsVisible = 0;
		};
/* End XCConfigurationList section */

/* Begin XCVersionGroup section */
		961487081C26E8740029E0BF /* XMPP.xcdatamodeld */ = {
			isa = XCVersionGroup;
			children = (
				961487091C26E8740029E0BF /* XMPP.xcdatamodel */,
			);
			currentVersion = 961487091C26E8740029E0BF /* XMPP.xcdatamodel */;
			path = XMPP.xcdatamodeld;
			sourceTree = "<group>";
			versionGroupType = wrapper.xcdatamodel;
		};
/* End XCVersionGroup section */
	};
	rootObject = 961486F61C26E8740029E0BF /* Project object */;
}
